// !$*UTF8*$!
{
	archiveVersion = 1;
	classes = {
	};
	objectVersion = 55;
	objects = {

/* Begin PBXBuildFile section */
		1CEF91E2EE2BA9B899F6B5E8 /* libPods-TestingiOSLidar.a in Frameworks */ = {isa = PBXBuildFile; fileRef = 46C4FECCADA97E33E70E878C /* libPods-TestingiOSLidar.a */; };
		CEC0F19A2B8E9B8300D1C5B0 /* OnboardingView.swift in Sources */ = {isa = PBXBuildFile; fileRef = CEC0F1992B8E9B8300D1C5B0 /* OnboardingView.swift */; };
		CEC0F19C2B8E9C0900D1C5B0 /* TemplateView.swift in Sources */ = {isa = PBXBuildFile; fileRef = CEC0F19B2B8E9C0900D1C5B0 /* TemplateView.swift */; };
		CEC0F1A02B8E9CF600D1C5B0 /* OnboardingViewController.swift in Sources */ = {isa = PBXBuildFile; fileRef = CEC0F19F2B8E9CF600D1C5B0 /* OnboardingViewController.swift */; };
		DB7390B82A4B69C0009C8F0F /* CVPixelBuffer+relativeRotate.swift in Sources */ = {isa = PBXBuildFile; fileRef = DB7390B72A4B69C0009C8F0F /* CVPixelBuffer+relativeRotate.swift */; };
		DB7390BC2A4F7D95009C8F0F /* TargetView.swift in Sources */ = {isa = PBXBuildFile; fileRef = DB7390BB2A4F7D95009C8F0F /* TargetView.swift */; };
		DBC5EF2F2A3A58A800DDC1E5 /* FeaturesView.swift in Sources */ = {isa = PBXBuildFile; fileRef = DBC5EF2E2A3A58A800DDC1E5 /* FeaturesView.swift */; };
		DBC5EF312A3A5BB500DDC1E5 /* FeaturesViewController.swift in Sources */ = {isa = PBXBuildFile; fileRef = DBC5EF302A3A5BB500DDC1E5 /* FeaturesViewController.swift */; };
		DBC8039C292CFE0C00AD9B74 /* ExperienceViewController.swift in Sources */ = {isa = PBXBuildFile; fileRef = DBC8039B292CFE0C00AD9B74 /* ExperienceViewController.swift */; };
		DBCCDA3528D4F05300C1C80E /* AppDelegate.swift in Sources */ = {isa = PBXBuildFile; fileRef = DBCCDA3428D4F05300C1C80E /* AppDelegate.swift */; };
		DBCCDA3728D4F05300C1C80E /* SceneDelegate.swift in Sources */ = {isa = PBXBuildFile; fileRef = DBCCDA3628D4F05300C1C80E /* SceneDelegate.swift */; };
		DBCCDA3928D4F05300C1C80E /* SaveFrameViewController.swift in Sources */ = {isa = PBXBuildFile; fileRef = DBCCDA3828D4F05300C1C80E /* SaveFrameViewController.swift */; };
		DBCCDA3C28D4F05300C1C80E /* Main.storyboard in Resources */ = {isa = PBXBuildFile; fileRef = DBCCDA3A28D4F05300C1C80E /* Main.storyboard */; };
		DBCCDA3E28D4F05500C1C80E /* Assets.xcassets in Resources */ = {isa = PBXBuildFile; fileRef = DBCCDA3D28D4F05500C1C80E /* Assets.xcassets */; };
		DBCCDA4128D4F05500C1C80E /* LaunchScreen.storyboard in Resources */ = {isa = PBXBuildFile; fileRef = DBCCDA3F28D4F05500C1C80E /* LaunchScreen.storyboard */; };
		DBCD439D2A6198D900A382CF /* Collection+transposed.swift in Sources */ = {isa = PBXBuildFile; fileRef = DBCD439C2A6198D900A382CF /* Collection+transposed.swift */; };
		DBE5B24A2AA13A4B00188756 /* Log.swift in Sources */ = {isa = PBXBuildFile; fileRef = DBE5B2492AA13A4B00188756 /* Log.swift */; };
		DBE5B24C2AA13A5200188756 /* VolumeButtonHandler.swift in Sources */ = {isa = PBXBuildFile; fileRef = DBE5B24B2AA13A5200188756 /* VolumeButtonHandler.swift */; };
		DBEB14152A54A13500D5DCE3 /* CameraButton.swift in Sources */ = {isa = PBXBuildFile; fileRef = DBEB14142A54A13500D5DCE3 /* CameraButton.swift */; };
/* End PBXBuildFile section */

/* Begin PBXFileReference section */
		46C4FECCADA97E33E70E878C /* libPods-TestingiOSLidar.a */ = {isa = PBXFileReference; explicitFileType = archive.ar; includeInIndex = 0; path = "libPods-TestingiOSLidar.a"; sourceTree = BUILT_PRODUCTS_DIR; };
		5AAF76AA6A16F972EA055BBA /* Pods-TestingiOSLidar-TestingiOSLidarUITests.debug.xcconfig */ = {isa = PBXFileReference; includeInIndex = 1; lastKnownFileType = text.xcconfig; name = "Pods-TestingiOSLidar-TestingiOSLidarUITests.debug.xcconfig"; path = "Target Support Files/Pods-TestingiOSLidar-TestingiOSLidarUITests/Pods-TestingiOSLidar-TestingiOSLidarUITests.debug.xcconfig"; sourceTree = "<group>"; };
		6711B9D208AB035525C40C09 /* Pods-TestingiOSLidarTests.debug.xcconfig */ = {isa = PBXFileReference; includeInIndex = 1; lastKnownFileType = text.xcconfig; name = "Pods-TestingiOSLidarTests.debug.xcconfig"; path = "Target Support Files/Pods-TestingiOSLidarTests/Pods-TestingiOSLidarTests.debug.xcconfig"; sourceTree = "<group>"; };
		82CA94E254134F0459C4FBAD /* Pods-TestingiOSLidarTests.release.xcconfig */ = {isa = PBXFileReference; includeInIndex = 1; lastKnownFileType = text.xcconfig; name = "Pods-TestingiOSLidarTests.release.xcconfig"; path = "Target Support Files/Pods-TestingiOSLidarTests/Pods-TestingiOSLidarTests.release.xcconfig"; sourceTree = "<group>"; };
		83C188579940C65BE60E0AA1 /* Pods-TestingiOSLidar.debug.xcconfig */ = {isa = PBXFileReference; includeInIndex = 1; lastKnownFileType = text.xcconfig; name = "Pods-TestingiOSLidar.debug.xcconfig"; path = "Target Support Files/Pods-TestingiOSLidar/Pods-TestingiOSLidar.debug.xcconfig"; sourceTree = "<group>"; };
		8CDF537B66D9142DDC9417B3 /* libPods-TestingiOSLidarTests.a */ = {isa = PBXFileReference; explicitFileType = archive.ar; includeInIndex = 0; path = "libPods-TestingiOSLidarTests.a"; sourceTree = BUILT_PRODUCTS_DIR; };
		99CAD9711732EDAA5A3BAAB4 /* libPods-TestingiOSLidar-TestingiOSLidarUITests.a */ = {isa = PBXFileReference; explicitFileType = archive.ar; includeInIndex = 0; path = "libPods-TestingiOSLidar-TestingiOSLidarUITests.a"; sourceTree = BUILT_PRODUCTS_DIR; };
		CEC0F1992B8E9B8300D1C5B0 /* OnboardingView.swift */ = {isa = PBXFileReference; lastKnownFileType = sourcecode.swift; path = OnboardingView.swift; sourceTree = "<group>"; };
		CEC0F19B2B8E9C0900D1C5B0 /* TemplateView.swift */ = {isa = PBXFileReference; lastKnownFileType = sourcecode.swift; path = TemplateView.swift; sourceTree = "<group>"; };
		CEC0F19F2B8E9CF600D1C5B0 /* OnboardingViewController.swift */ = {isa = PBXFileReference; lastKnownFileType = sourcecode.swift; path = OnboardingViewController.swift; sourceTree = "<group>"; };
		D0AB167D5C49598E73ACDD12 /* Pods-TestingiOSLidar-TestingiOSLidarUITests.release.xcconfig */ = {isa = PBXFileReference; includeInIndex = 1; lastKnownFileType = text.xcconfig; name = "Pods-TestingiOSLidar-TestingiOSLidarUITests.release.xcconfig"; path = "Target Support Files/Pods-TestingiOSLidar-TestingiOSLidarUITests/Pods-TestingiOSLidar-TestingiOSLidarUITests.release.xcconfig"; sourceTree = "<group>"; };
		DB7390B72A4B69C0009C8F0F /* CVPixelBuffer+relativeRotate.swift */ = {isa = PBXFileReference; lastKnownFileType = sourcecode.swift; path = "CVPixelBuffer+relativeRotate.swift"; sourceTree = "<group>"; };
		DB7390BB2A4F7D95009C8F0F /* TargetView.swift */ = {isa = PBXFileReference; lastKnownFileType = sourcecode.swift; path = TargetView.swift; sourceTree = "<group>"; };
		DBC5EF2E2A3A58A800DDC1E5 /* FeaturesView.swift */ = {isa = PBXFileReference; lastKnownFileType = sourcecode.swift; path = FeaturesView.swift; sourceTree = "<group>"; };
		DBC5EF302A3A5BB500DDC1E5 /* FeaturesViewController.swift */ = {isa = PBXFileReference; lastKnownFileType = sourcecode.swift; path = FeaturesViewController.swift; sourceTree = "<group>"; };
		DBC8039B292CFE0C00AD9B74 /* ExperienceViewController.swift */ = {isa = PBXFileReference; lastKnownFileType = sourcecode.swift; path = ExperienceViewController.swift; sourceTree = "<group>"; };
		DBCCDA3128D4F05300C1C80E /* TestingiOSLidar.app */ = {isa = PBXFileReference; explicitFileType = wrapper.application; includeInIndex = 0; path = TestingiOSLidar.app; sourceTree = BUILT_PRODUCTS_DIR; };
		DBCCDA3428D4F05300C1C80E /* AppDelegate.swift */ = {isa = PBXFileReference; lastKnownFileType = sourcecode.swift; path = AppDelegate.swift; sourceTree = "<group>"; };
		DBCCDA3628D4F05300C1C80E /* SceneDelegate.swift */ = {isa = PBXFileReference; lastKnownFileType = sourcecode.swift; path = SceneDelegate.swift; sourceTree = "<group>"; };
		DBCCDA3828D4F05300C1C80E /* SaveFrameViewController.swift */ = {isa = PBXFileReference; lastKnownFileType = sourcecode.swift; path = SaveFrameViewController.swift; sourceTree = "<group>"; };
		DBCCDA3B28D4F05300C1C80E /* Base */ = {isa = PBXFileReference; lastKnownFileType = file.storyboard; name = Base; path = Base.lproj/Main.storyboard; sourceTree = "<group>"; };
		DBCCDA3D28D4F05500C1C80E /* Assets.xcassets */ = {isa = PBXFileReference; lastKnownFileType = folder.assetcatalog; path = Assets.xcassets; sourceTree = "<group>"; };
		DBCCDA4028D4F05500C1C80E /* Base */ = {isa = PBXFileReference; lastKnownFileType = file.storyboard; name = Base; path = Base.lproj/LaunchScreen.storyboard; sourceTree = "<group>"; };
		DBCCDA4228D4F05500C1C80E /* Info.plist */ = {isa = PBXFileReference; lastKnownFileType = text.plist.xml; path = Info.plist; sourceTree = "<group>"; };
		DBCD439C2A6198D900A382CF /* Collection+transposed.swift */ = {isa = PBXFileReference; lastKnownFileType = sourcecode.swift; path = "Collection+transposed.swift"; sourceTree = "<group>"; };
		DBE5B2492AA13A4B00188756 /* Log.swift */ = {isa = PBXFileReference; fileEncoding = 4; lastKnownFileType = sourcecode.swift; path = Log.swift; sourceTree = "<group>"; };
		DBE5B24B2AA13A5200188756 /* VolumeButtonHandler.swift */ = {isa = PBXFileReference; fileEncoding = 4; lastKnownFileType = sourcecode.swift; path = VolumeButtonHandler.swift; sourceTree = "<group>"; };
		DBEB14142A54A13500D5DCE3 /* CameraButton.swift */ = {isa = PBXFileReference; fileEncoding = 4; lastKnownFileType = sourcecode.swift; path = CameraButton.swift; sourceTree = "<group>"; };
		EF3FE7B349756C0C9E1E8D00 /* Pods-TestingiOSLidar.release.xcconfig */ = {isa = PBXFileReference; includeInIndex = 1; lastKnownFileType = text.xcconfig; name = "Pods-TestingiOSLidar.release.xcconfig"; path = "Target Support Files/Pods-TestingiOSLidar/Pods-TestingiOSLidar.release.xcconfig"; sourceTree = "<group>"; };
/* End PBXFileReference section */

/* Begin PBXFrameworksBuildPhase section */
		DBCCDA2E28D4F05300C1C80E /* Frameworks */ = {
			isa = PBXFrameworksBuildPhase;
			buildActionMask = 2147483647;
			files = (
				1CEF91E2EE2BA9B899F6B5E8 /* libPods-TestingiOSLidar.a in Frameworks */,
			);
			runOnlyForDeploymentPostprocessing = 0;
		};
/* End PBXFrameworksBuildPhase section */

/* Begin PBXGroup section */
		0056F42A7B968429E325950D /* Frameworks */ = {
			isa = PBXGroup;
			children = (
				46C4FECCADA97E33E70E878C /* libPods-TestingiOSLidar.a */,
				99CAD9711732EDAA5A3BAAB4 /* libPods-TestingiOSLidar-TestingiOSLidarUITests.a */,
				8CDF537B66D9142DDC9417B3 /* libPods-TestingiOSLidarTests.a */,
			);
			name = Frameworks;
			sourceTree = "<group>";
		};
		6218BFC7176FB1268A91802A /* Pods */ = {
			isa = PBXGroup;
			children = (
				83C188579940C65BE60E0AA1 /* Pods-TestingiOSLidar.debug.xcconfig */,
				EF3FE7B349756C0C9E1E8D00 /* Pods-TestingiOSLidar.release.xcconfig */,
				5AAF76AA6A16F972EA055BBA /* Pods-TestingiOSLidar-TestingiOSLidarUITests.debug.xcconfig */,
				D0AB167D5C49598E73ACDD12 /* Pods-TestingiOSLidar-TestingiOSLidarUITests.release.xcconfig */,
				6711B9D208AB035525C40C09 /* Pods-TestingiOSLidarTests.debug.xcconfig */,
				82CA94E254134F0459C4FBAD /* Pods-TestingiOSLidarTests.release.xcconfig */,
			);
			path = Pods;
			sourceTree = "<group>";
		};
		CEC0F1952B8E93A800D1C5B0 /* FeaturesScreen */ = {
			isa = PBXGroup;
			children = (
				DBC5EF2E2A3A58A800DDC1E5 /* FeaturesView.swift */,
				DBC5EF302A3A5BB500DDC1E5 /* FeaturesViewController.swift */,
			);
			path = FeaturesScreen;
			sourceTree = "<group>";
		};
		CEC0F1962B8E93C700D1C5B0 /* SaveFramesScreen */ = {
			isa = PBXGroup;
			children = (
				DBCCDA3828D4F05300C1C80E /* SaveFrameViewController.swift */,
			);
			path = SaveFramesScreen;
			sourceTree = "<group>";
		};
		CEC0F1972B8E93D400D1C5B0 /* ExperienceScreen */ = {
			isa = PBXGroup;
			children = (
				DBC8039B292CFE0C00AD9B74 /* ExperienceViewController.swift */,
			);
			path = ExperienceScreen;
			sourceTree = "<group>";
		};
		CEC0F1982B8E9B6A00D1C5B0 /* Onboarding */ = {
			isa = PBXGroup;
			children = (
				CEC0F1992B8E9B8300D1C5B0 /* OnboardingView.swift */,
				CEC0F19B2B8E9C0900D1C5B0 /* TemplateView.swift */,
				CEC0F19F2B8E9CF600D1C5B0 /* OnboardingViewController.swift */,
			);
			path = Onboarding;
			sourceTree = "<group>";
		};
		DB7390B62A4B695E009C8F0F /* Extensions */ = {
			isa = PBXGroup;
			children = (
				DB7390B72A4B69C0009C8F0F /* CVPixelBuffer+relativeRotate.swift */,
				DBCD439C2A6198D900A382CF /* Collection+transposed.swift */,
			);
			path = Extensions;
			sourceTree = "<group>";
		};
		DBCCDA2828D4F05300C1C80E = {
			isa = PBXGroup;
			children = (
				DBCCDA3328D4F05300C1C80E /* TestingiOSLidar */,
				DBCCDA3228D4F05300C1C80E /* Products */,
				6218BFC7176FB1268A91802A /* Pods */,
				0056F42A7B968429E325950D /* Frameworks */,
			);
			sourceTree = "<group>";
		};
		DBCCDA3228D4F05300C1C80E /* Products */ = {
			isa = PBXGroup;
			children = (
				DBCCDA3128D4F05300C1C80E /* TestingiOSLidar.app */,
			);
			name = Products;
			sourceTree = "<group>";
		};
		DBCCDA3328D4F05300C1C80E /* TestingiOSLidar */ = {
			isa = PBXGroup;
			children = (
				CEC0F1982B8E9B6A00D1C5B0 /* Onboarding */,
				CEC0F1972B8E93D400D1C5B0 /* ExperienceScreen */,
				CEC0F1962B8E93C700D1C5B0 /* SaveFramesScreen */,
				CEC0F1952B8E93A800D1C5B0 /* FeaturesScreen */,
				DBE5B2482AA13A3600188756 /* VolumeHandler */,
				DBEB14132A54A11C00D5DCE3 /* Views */,
				DB7390B62A4B695E009C8F0F /* Extensions */,
				DBCCDA3428D4F05300C1C80E /* AppDelegate.swift */,
				DBCCDA3628D4F05300C1C80E /* SceneDelegate.swift */,
				DBCCDA3A28D4F05300C1C80E /* Main.storyboard */,
				DBCCDA3D28D4F05500C1C80E /* Assets.xcassets */,
				DBCCDA3F28D4F05500C1C80E /* LaunchScreen.storyboard */,
				DBCCDA4228D4F05500C1C80E /* Info.plist */,
			);
			path = TestingiOSLidar;
			sourceTree = "<group>";
		};
		DBE5B2482AA13A3600188756 /* VolumeHandler */ = {
			isa = PBXGroup;
			children = (
				DBE5B2492AA13A4B00188756 /* Log.swift */,
				DBE5B24B2AA13A5200188756 /* VolumeButtonHandler.swift */,
			);
			path = VolumeHandler;
			sourceTree = "<group>";
		};
		DBEB14132A54A11C00D5DCE3 /* Views */ = {
			isa = PBXGroup;
			children = (
				DB7390BB2A4F7D95009C8F0F /* TargetView.swift */,
				DBEB14142A54A13500D5DCE3 /* CameraButton.swift */,
			);
			path = Views;
			sourceTree = "<group>";
		};
/* End PBXGroup section */

/* Begin PBXNativeTarget section */
		DBCCDA3028D4F05300C1C80E /* TestingiOSLidar */ = {
			isa = PBXNativeTarget;
			buildConfigurationList = DBCCDA5B28D4F05500C1C80E /* Build configuration list for PBXNativeTarget "TestingiOSLidar" */;
			buildPhases = (
				0495AF3FAE8C0E09B00D71CD /* [CP] Check Pods Manifest.lock */,
				DBCCDA2D28D4F05300C1C80E /* Sources */,
				DBCCDA2E28D4F05300C1C80E /* Frameworks */,
				DBCCDA2F28D4F05300C1C80E /* Resources */,
			);
			buildRules = (
			);
			dependencies = (
			);
			name = TestingiOSLidar;
			productName = TestingiOSLidar;
			productReference = DBCCDA3128D4F05300C1C80E /* TestingiOSLidar.app */;
			productType = "com.apple.product-type.application";
		};
/* End PBXNativeTarget section */

/* Begin PBXProject section */
		DBCCDA2928D4F05300C1C80E /* Project object */ = {
			isa = PBXProject;
			attributes = {
				BuildIndependentTargetsInParallel = 1;
				LastSwiftUpdateCheck = 1340;
				LastUpgradeCheck = 1340;
				TargetAttributes = {
					DBCCDA3028D4F05300C1C80E = {
						CreatedOnToolsVersion = 13.4.1;
					};
				};
			};
			buildConfigurationList = DBCCDA2C28D4F05300C1C80E /* Build configuration list for PBXProject "TestingiOSLidar" */;
			compatibilityVersion = "Xcode 13.0";
			developmentRegion = en;
			hasScannedForEncodings = 0;
			knownRegions = (
				en,
				Base,
			);
			mainGroup = DBCCDA2828D4F05300C1C80E;
			productRefGroup = DBCCDA3228D4F05300C1C80E /* Products */;
			projectDirPath = "";
			projectRoot = "";
			targets = (
				DBCCDA3028D4F05300C1C80E /* TestingiOSLidar */,
			);
		};
/* End PBXProject section */

/* Begin PBXResourcesBuildPhase section */
		DBCCDA2F28D4F05300C1C80E /* Resources */ = {
			isa = PBXResourcesBuildPhase;
			buildActionMask = 2147483647;
			files = (
				DBCCDA4128D4F05500C1C80E /* LaunchScreen.storyboard in Resources */,
				DBCCDA3E28D4F05500C1C80E /* Assets.xcassets in Resources */,
				DBCCDA3C28D4F05300C1C80E /* Main.storyboard in Resources */,
			);
			runOnlyForDeploymentPostprocessing = 0;
		};
/* End PBXResourcesBuildPhase section */

/* Begin PBXShellScriptBuildPhase section */
		0495AF3FAE8C0E09B00D71CD /* [CP] Check Pods Manifest.lock */ = {
			isa = PBXShellScriptBuildPhase;
			buildActionMask = 2147483647;
			files = (
			);
			inputFileListPaths = (
			);
			inputPaths = (
				"${PODS_PODFILE_DIR_PATH}/Podfile.lock",
				"${PODS_ROOT}/Manifest.lock",
			);
			name = "[CP] Check Pods Manifest.lock";
			outputFileListPaths = (
			);
			outputPaths = (
				"$(DERIVED_FILE_DIR)/Pods-TestingiOSLidar-checkManifestLockResult.txt",
			);
			runOnlyForDeploymentPostprocessing = 0;
			shellPath = /bin/sh;
			shellScript = "diff \"${PODS_PODFILE_DIR_PATH}/Podfile.lock\" \"${PODS_ROOT}/Manifest.lock\" > /dev/null\nif [ $? != 0 ] ; then\n    # print error to STDERR\n    echo \"error: The sandbox is not in sync with the Podfile.lock. Run 'pod install' or update your CocoaPods installation.\" >&2\n    exit 1\nfi\n# This output is used by Xcode 'outputs' to avoid re-running this script phase.\necho \"SUCCESS\" > \"${SCRIPT_OUTPUT_FILE_0}\"\n";
			showEnvVarsInLog = 0;
		};
/* End PBXShellScriptBuildPhase section */

/* Begin PBXSourcesBuildPhase section */
		DBCCDA2D28D4F05300C1C80E /* Sources */ = {
			isa = PBXSourcesBuildPhase;
			buildActionMask = 2147483647;
			files = (
				DB7390B82A4B69C0009C8F0F /* CVPixelBuffer+relativeRotate.swift in Sources */,
				DBEB14152A54A13500D5DCE3 /* CameraButton.swift in Sources */,
				DBE5B24C2AA13A5200188756 /* VolumeButtonHandler.swift in Sources */,
				DBE5B24A2AA13A4B00188756 /* Log.swift in Sources */,
				DBCCDA3928D4F05300C1C80E /* SaveFrameViewController.swift in Sources */,
				DBC8039C292CFE0C00AD9B74 /* ExperienceViewController.swift in Sources */,
				DBCD439D2A6198D900A382CF /* Collection+transposed.swift in Sources */,
				DBCCDA3528D4F05300C1C80E /* AppDelegate.swift in Sources */,
				DBC5EF312A3A5BB500DDC1E5 /* FeaturesViewController.swift in Sources */,
				DB7390BC2A4F7D95009C8F0F /* TargetView.swift in Sources */,
				CEC0F1A02B8E9CF600D1C5B0 /* OnboardingViewController.swift in Sources */,
				DBC5EF2F2A3A58A800DDC1E5 /* FeaturesView.swift in Sources */,
				CEC0F19A2B8E9B8300D1C5B0 /* OnboardingView.swift in Sources */,
				DBCCDA3728D4F05300C1C80E /* SceneDelegate.swift in Sources */,
				CEC0F19C2B8E9C0900D1C5B0 /* TemplateView.swift in Sources */,
			);
			runOnlyForDeploymentPostprocessing = 0;
		};
/* End PBXSourcesBuildPhase section */

/* Begin PBXVariantGroup section */
		DBCCDA3A28D4F05300C1C80E /* Main.storyboard */ = {
			isa = PBXVariantGroup;
			children = (
				DBCCDA3B28D4F05300C1C80E /* Base */,
			);
			name = Main.storyboard;
			sourceTree = "<group>";
		};
		DBCCDA3F28D4F05500C1C80E /* LaunchScreen.storyboard */ = {
			isa = PBXVariantGroup;
			children = (
				DBCCDA4028D4F05500C1C80E /* Base */,
			);
			name = LaunchScreen.storyboard;
			sourceTree = "<group>";
		};
/* End PBXVariantGroup section */

/* Begin XCBuildConfiguration section */
		DBCCDA5928D4F05500C1C80E /* Debug */ = {
			isa = XCBuildConfiguration;
			buildSettings = {
				ALWAYS_SEARCH_USER_PATHS = NO;
				CLANG_ANALYZER_NONNULL = YES;
				CLANG_ANALYZER_NUMBER_OBJECT_CONVERSION = YES_AGGRESSIVE;
				CLANG_CXX_LANGUAGE_STANDARD = "gnu++17";
				CLANG_ENABLE_MODULES = YES;
				CLANG_ENABLE_OBJC_ARC = YES;
				CLANG_ENABLE_OBJC_WEAK = YES;
				CLANG_WARN_BLOCK_CAPTURE_AUTORELEASING = YES;
				CLANG_WARN_BOOL_CONVERSION = YES;
				CLANG_WARN_COMMA = YES;
				CLANG_WARN_CONSTANT_CONVERSION = YES;
				CLANG_WARN_DEPRECATED_OBJC_IMPLEMENTATIONS = YES;
				CLANG_WARN_DIRECT_OBJC_ISA_USAGE = YES_ERROR;
				CLANG_WARN_DOCUMENTATION_COMMENTS = YES;
				CLANG_WARN_EMPTY_BODY = YES;
				CLANG_WARN_ENUM_CONVERSION = YES;
				CLANG_WARN_INFINITE_RECURSION = YES;
				CLANG_WARN_INT_CONVERSION = YES;
				CLANG_WARN_NON_LITERAL_NULL_CONVERSION = YES;
				CLANG_WARN_OBJC_IMPLICIT_RETAIN_SELF = YES;
				CLANG_WARN_OBJC_LITERAL_CONVERSION = YES;
				CLANG_WARN_OBJC_ROOT_CLASS = YES_ERROR;
				CLANG_WARN_QUOTED_INCLUDE_IN_FRAMEWORK_HEADER = YES;
				CLANG_WARN_RANGE_LOOP_ANALYSIS = YES;
				CLANG_WARN_STRICT_PROTOTYPES = YES;
				CLANG_WARN_SUSPICIOUS_MOVE = YES;
				CLANG_WARN_UNGUARDED_AVAILABILITY = YES_AGGRESSIVE;
				CLANG_WARN_UNREACHABLE_CODE = YES;
				CLANG_WARN__DUPLICATE_METHOD_MATCH = YES;
				COPY_PHASE_STRIP = NO;
				DEBUG_INFORMATION_FORMAT = dwarf;
				ENABLE_STRICT_OBJC_MSGSEND = YES;
				ENABLE_TESTABILITY = YES;
				GCC_C_LANGUAGE_STANDARD = gnu11;
				GCC_DYNAMIC_NO_PIC = NO;
				GCC_NO_COMMON_BLOCKS = YES;
				GCC_OPTIMIZATION_LEVEL = 0;
				GCC_PREPROCESSOR_DEFINITIONS = (
					"DEBUG=1",
					"$(inherited)",
				);
				GCC_WARN_64_TO_32_BIT_CONVERSION = YES;
				GCC_WARN_ABOUT_RETURN_TYPE = YES_ERROR;
				GCC_WARN_UNDECLARED_SELECTOR = YES;
				GCC_WARN_UNINITIALIZED_AUTOS = YES_AGGRESSIVE;
				GCC_WARN_UNUSED_FUNCTION = YES;
				GCC_WARN_UNUSED_VARIABLE = YES;
				IPHONEOS_DEPLOYMENT_TARGET = 15.5;
				MTL_ENABLE_DEBUG_INFO = INCLUDE_SOURCE;
				MTL_FAST_MATH = YES;
				ONLY_ACTIVE_ARCH = YES;
				SDKROOT = iphoneos;
				SWIFT_ACTIVE_COMPILATION_CONDITIONS = DEBUG;
				SWIFT_OPTIMIZATION_LEVEL = "-Onone";
			};
			name = Debug;
		};
		DBCCDA5A28D4F05500C1C80E /* Release */ = {
			isa = XCBuildConfiguration;
			buildSettings = {
				ALWAYS_SEARCH_USER_PATHS = NO;
				CLANG_ANALYZER_NONNULL = YES;
				CLANG_ANALYZER_NUMBER_OBJECT_CONVERSION = YES_AGGRESSIVE;
				CLANG_CXX_LANGUAGE_STANDARD = "gnu++17";
				CLANG_ENABLE_MODULES = YES;
				CLANG_ENABLE_OBJC_ARC = YES;
				CLANG_ENABLE_OBJC_WEAK = YES;
				CLANG_WARN_BLOCK_CAPTURE_AUTORELEASING = YES;
				CLANG_WARN_BOOL_CONVERSION = YES;
				CLANG_WARN_COMMA = YES;
				CLANG_WARN_CONSTANT_CONVERSION = YES;
				CLANG_WARN_DEPRECATED_OBJC_IMPLEMENTATIONS = YES;
				CLANG_WARN_DIRECT_OBJC_ISA_USAGE = YES_ERROR;
				CLANG_WARN_DOCUMENTATION_COMMENTS = YES;
				CLANG_WARN_EMPTY_BODY = YES;
				CLANG_WARN_ENUM_CONVERSION = YES;
				CLANG_WARN_INFINITE_RECURSION = YES;
				CLANG_WARN_INT_CONVERSION = YES;
				CLANG_WARN_NON_LITERAL_NULL_CONVERSION = YES;
				CLANG_WARN_OBJC_IMPLICIT_RETAIN_SELF = YES;
				CLANG_WARN_OBJC_LITERAL_CONVERSION = YES;
				CLANG_WARN_OBJC_ROOT_CLASS = YES_ERROR;
				CLANG_WARN_QUOTED_INCLUDE_IN_FRAMEWORK_HEADER = YES;
				CLANG_WARN_RANGE_LOOP_ANALYSIS = YES;
				CLANG_WARN_STRICT_PROTOTYPES = YES;
				CLANG_WARN_SUSPICIOUS_MOVE = YES;
				CLANG_WARN_UNGUARDED_AVAILABILITY = YES_AGGRESSIVE;
				CLANG_WARN_UNREACHABLE_CODE = YES;
				CLANG_WARN__DUPLICATE_METHOD_MATCH = YES;
				COPY_PHASE_STRIP = NO;
				DEBUG_INFORMATION_FORMAT = "dwarf-with-dsym";
				ENABLE_NS_ASSERTIONS = NO;
				ENABLE_STRICT_OBJC_MSGSEND = YES;
				GCC_C_LANGUAGE_STANDARD = gnu11;
				GCC_NO_COMMON_BLOCKS = YES;
				GCC_WARN_64_TO_32_BIT_CONVERSION = YES;
				GCC_WARN_ABOUT_RETURN_TYPE = YES_ERROR;
				GCC_WARN_UNDECLARED_SELECTOR = YES;
				GCC_WARN_UNINITIALIZED_AUTOS = YES_AGGRESSIVE;
				GCC_WARN_UNUSED_FUNCTION = YES;
				GCC_WARN_UNUSED_VARIABLE = YES;
				IPHONEOS_DEPLOYMENT_TARGET = 15.5;
				MTL_ENABLE_DEBUG_INFO = NO;
				MTL_FAST_MATH = YES;
				SDKROOT = iphoneos;
				SWIFT_COMPILATION_MODE = wholemodule;
				SWIFT_OPTIMIZATION_LEVEL = "-O";
				VALIDATE_PRODUCT = YES;
			};
			name = Release;
		};
		DBCCDA5C28D4F05500C1C80E /* Debug */ = {
			isa = XCBuildConfiguration;
			baseConfigurationReference = 83C188579940C65BE60E0AA1 /* Pods-TestingiOSLidar.debug.xcconfig */;
			buildSettings = {
				ASSETCATALOG_COMPILER_APPICON_NAME = AppIcon;
				ASSETCATALOG_COMPILER_GLOBAL_ACCENT_COLOR_NAME = AccentColor;
				CODE_SIGN_IDENTITY = "Apple Development";
				CODE_SIGN_STYLE = Automatic;
				CURRENT_PROJECT_VERSION = 1.0.0;
				DEVELOPMENT_TEAM = VJCR2LL3QM;
				GENERATE_INFOPLIST_FILE = YES;
				INFOPLIST_FILE = TestingiOSLidar/Info.plist;
				INFOPLIST_KEY_CFBundleDisplayName = "LiDAR App";
				INFOPLIST_KEY_LSApplicationCategoryType = "public.app-category.education";
				INFOPLIST_KEY_NSCameraUsageDescription = "Allow to use AR experience";
				INFOPLIST_KEY_UIApplicationSupportsIndirectInputEvents = YES;
				INFOPLIST_KEY_UILaunchStoryboardName = LaunchScreen.storyboard;
				INFOPLIST_KEY_UIMainStoryboardFile = "";
				INFOPLIST_KEY_UISupportedInterfaceOrientations = UIInterfaceOrientationPortrait;
				INFOPLIST_KEY_UIUserInterfaceStyle = Dark;
				IPHONEOS_DEPLOYMENT_TARGET = 16.0;
				LD_RUNPATH_SEARCH_PATHS = (
					"$(inherited)",
					"@executable_path/Frameworks",
				);
				MARKETING_VERSION = 1.0.0;
				PRODUCT_BUNDLE_IDENTIFIER = hairon.lidar;
				PRODUCT_NAME = "$(TARGET_NAME)";
				PROVISIONING_PROFILE_SPECIFIER = "";
				SUPPORTED_PLATFORMS = "iphoneos iphonesimulator";
				SUPPORTS_MACCATALYST = NO;
				SUPPORTS_MAC_DESIGNED_FOR_IPHONE_IPAD = NO;
				SUPPORTS_XR_DESIGNED_FOR_IPHONE_IPAD = NO;
				SWIFT_EMIT_LOC_STRINGS = YES;
				SWIFT_VERSION = 5.0;
				TARGETED_DEVICE_FAMILY = 1;
			};
			name = Debug;
		};
		DBCCDA5D28D4F05500C1C80E /* Release */ = {
			isa = XCBuildConfiguration;
			baseConfigurationReference = EF3FE7B349756C0C9E1E8D00 /* Pods-TestingiOSLidar.release.xcconfig */;
			buildSettings = {
				ASSETCATALOG_COMPILER_APPICON_NAME = AppIcon;
				ASSETCATALOG_COMPILER_GLOBAL_ACCENT_COLOR_NAME = AccentColor;
				CODE_SIGN_IDENTITY = "Apple Development";
				CODE_SIGN_STYLE = Automatic;
				CURRENT_PROJECT_VERSION = 1.0.0;
				DEVELOPMENT_TEAM = VJCR2LL3QM;
				GENERATE_INFOPLIST_FILE = YES;
				INFOPLIST_FILE = TestingiOSLidar/Info.plist;
				INFOPLIST_KEY_CFBundleDisplayName = "LiDAR App";
				INFOPLIST_KEY_LSApplicationCategoryType = "public.app-category.education";
				INFOPLIST_KEY_NSCameraUsageDescription = "Allow to use AR experience";
				INFOPLIST_KEY_UIApplicationSupportsIndirectInputEvents = YES;
				INFOPLIST_KEY_UILaunchStoryboardName = LaunchScreen.storyboard;
				INFOPLIST_KEY_UIMainStoryboardFile = "";
				INFOPLIST_KEY_UISupportedInterfaceOrientations = UIInterfaceOrientationPortrait;
				INFOPLIST_KEY_UIUserInterfaceStyle = Dark;
				IPHONEOS_DEPLOYMENT_TARGET = 16.0;
				LD_RUNPATH_SEARCH_PATHS = (
					"$(inherited)",
					"@executable_path/Frameworks",
				);
				MARKETING_VERSION = 1.0.0;
				PRODUCT_BUNDLE_IDENTIFIER = hairon.lidar;
				PRODUCT_NAME = "$(TARGET_NAME)";
				PROVISIONING_PROFILE_SPECIFIER = "";
				SUPPORTED_PLATFORMS = "iphoneos iphonesimulator";
				SUPPORTS_MACCATALYST = NO;
				SUPPORTS_MAC_DESIGNED_FOR_IPHONE_IPAD = NO;
				SUPPORTS_XR_DESIGNED_FOR_IPHONE_IPAD = NO;
				SWIFT_EMIT_LOC_STRINGS = YES;
				SWIFT_VERSION = 5.0;
				TARGETED_DEVICE_FAMILY = 1;
			};
			name = Release;
		};
/* End XCBuildConfiguration section */

/* Begin XCConfigurationList section */
		DBCCDA2C28D4F05300C1C80E /* Build configuration list for PBXProject "TestingiOSLidar" */ = {
			isa = XCConfigurationList;
			buildConfigurations = (
				DBCCDA5928D4F05500C1C80E /* Debug */,
				DBCCDA5A28D4F05500C1C80E /* Release */,
			);
			defaultConfigurationIsVisible = 0;
			defaultConfigurationName = Release;
		};
		DBCCDA5B28D4F05500C1C80E /* Build configuration list for PBXNativeTarget "TestingiOSLidar" */ = {
			isa = XCConfigurationList;
			buildConfigurations = (
				DBCCDA5C28D4F05500C1C80E /* Debug */,
				DBCCDA5D28D4F05500C1C80E /* Release */,
			);
			defaultConfigurationIsVisible = 0;
			defaultConfigurationName = Release;
		};
/* End XCConfigurationList section */
	};
	rootObject = DBCCDA2928D4F05300C1C80E /* Project object */;
}
